
Microsoft Visual Studio Solution File, Format Version 12.00
# Visual Studio Version 17
VisualStudioVersion = 17.12.35506.116 d17.12
MinimumVisualStudioVersion = 10.0.40219.1
Project("{FAE04EC0-301F-11D3-BF4B-00C04F79EFBC}") = "Laboratorio 122", "Laboratorio 122\Laboratorio 122.csproj", "{8892CF61-A0B1-41E8-A3CE-0D0C7DF0FE8F}"
EndProject
Global
	GlobalSection(SolutionConfigurationPlatforms) = preSolution
		Debug|Any CPU = Debug|Any CPU
		Release|Any CPU = Release|Any CPU
	EndGlobalSection
	GlobalSection(ProjectConfigurationPlatforms) = postSolution
		{8892CF61-A0B1-41E8-A3CE-0D0C7DF0FE8F}.Debug|Any CPU.ActiveCfg = Debug|Any CPU
		{8892CF61-A0B1-41E8-A3CE-0D0C7DF0FE8F}.Debug|Any CPU.Build.0 = Debug|Any CPU
		{8892CF61-A0B1-41E8-A3CE-0D0C7DF0FE8F}.Release|Any CPU.ActiveCfg = Release|Any CPU
		{8892CF61-A0B1-41E8-A3CE-0D0C7DF0FE8F}.Release|Any CPU.Build.0 = Release|Any CPU
	EndGlobalSection
	GlobalSection(SolutionProperties) = preSolution
		HideSolutionNode = FALSE
	EndGlobalSection
EndGlobal
