
Microsoft Visual Studio Solution File, Format Version 12.00
# Visual Studio Version 17
VisualStudioVersion = 17.14.36414.22 d17.14
MinimumVisualStudioVersion = 10.0.40219.1
Project("{FAE04EC0-301F-11D3-BF4B-00C04F79EFBC}") = "Laboratorio20-1", "Laboratorio20-1\Laboratorio20-1.csproj", "{E5313E85-450B-4A2B-B931-0BF97F454237}"
EndProject
Project("{FAE04EC0-301F-11D3-BF4B-00C04F79EFBC}") = "Laboratorio20-2", "Laboratorio20-2\Laboratorio20-2.csproj", "{1A684E49-5437-41E7-A373-B71E1049E5E0}"
EndProject
Global
	GlobalSection(SolutionConfigurationPlatforms) = preSolution
		Debug|Any CPU = Debug|Any CPU
		Release|Any CPU = Release|Any CPU
	EndGlobalSection
	GlobalSection(ProjectConfigurationPlatforms) = postSolution
		{E5313E85-450B-4A2B-B931-0BF97F454237}.Debug|Any CPU.ActiveCfg = Debug|Any CPU
		{E5313E85-450B-4A2B-B931-0BF97F454237}.Debug|Any CPU.Build.0 = Debug|Any CPU
		{E5313E85-450B-4A2B-B931-0BF97F454237}.Release|Any CPU.ActiveCfg = Release|Any CPU
		{E5313E85-450B-4A2B-B931-0BF97F454237}.Release|Any CPU.Build.0 = Release|Any CPU
		{1A684E49-5437-41E7-A373-B71E1049E5E0}.Debug|Any CPU.ActiveCfg = Debug|Any CPU
		{1A684E49-5437-41E7-A373-B71E1049E5E0}.Debug|Any CPU.Build.0 = Debug|Any CPU
		{1A684E49-5437-41E7-A373-B71E1049E5E0}.Release|Any CPU.ActiveCfg = Release|Any CPU
		{1A684E49-5437-41E7-A373-B71E1049E5E0}.Release|Any CPU.Build.0 = Release|Any CPU
	EndGlobalSection
	GlobalSection(SolutionProperties) = preSolution
		HideSolutionNode = FALSE
	EndGlobalSection
	GlobalSection(ExtensibilityGlobals) = postSolution
		SolutionGuid = {B941EDAA-8C49-4486-B4F0-C2F91201F97A}
	EndGlobalSection
EndGlobal
