
Microsoft Visual Studio Solution File, Format Version 12.00
# Visual Studio Version 17
VisualStudioVersion = 17.12.35506.116 d17.12
MinimumVisualStudioVersion = 10.0.40219.1
Project("{FAE04EC0-301F-11D3-BF4B-00C04F79EFBC}") = "Laboratorio 53", "Laboratorio 53\Laboratorio 53.csproj", "{730F77AB-1BB9-48C2-9649-514EA0F1864F}"
EndProject
Global
	GlobalSection(SolutionConfigurationPlatforms) = preSolution
		Debug|Any CPU = Debug|Any CPU
		Release|Any CPU = Release|Any CPU
	EndGlobalSection
	GlobalSection(ProjectConfigurationPlatforms) = postSolution
		{730F77AB-1BB9-48C2-9649-514EA0F1864F}.Debug|Any CPU.ActiveCfg = Debug|Any CPU
		{730F77AB-1BB9-48C2-9649-514EA0F1864F}.Debug|Any CPU.Build.0 = Debug|Any CPU
		{730F77AB-1BB9-48C2-9649-514EA0F1864F}.Release|Any CPU.ActiveCfg = Release|Any CPU
		{730F77AB-1BB9-48C2-9649-514EA0F1864F}.Release|Any CPU.Build.0 = Release|Any CPU
	EndGlobalSection
	GlobalSection(SolutionProperties) = preSolution
		HideSolutionNode = FALSE
	EndGlobalSection
EndGlobal
